
Microsoft Visual Studio Solution File, Format Version 12.00
# Visual Studio Version 17
VisualStudioVersion = 17.11.35219.272
MinimumVisualStudioVersion = 10.0.40219.1
Project("{9A19103F-16F7-4668-BE54-9A1E7A4F7556}") = "AIBuilderServerDotnet", "AIBuilderServerDotnet\AIBuilderServerDotnet.csproj", "{877BEF18-8A05-4673-A770-93E61E52A8A1}"
EndProject
Project("{FAE04EC0-301F-11D3-BF4B-00C04F79EFBC}") = "AIBuilderServerDotnet.Tests", "AIBuilderServerDotnet.Tests\AIBuilderServerDotnet.Tests.csproj", "{3C1ADD17-BC92-488A-8088-533C0F4301CB}"
EndProject
Global
	GlobalSection(SolutionConfigurationPlatforms) = preSolution
		Debug|Any CPU = Debug|Any CPU
		Release|Any CPU = Release|Any CPU
	EndGlobalSection
	GlobalSection(ProjectConfigurationPlatforms) = postSolution
		{877BEF18-8A05-4673-A770-93E61E52A8A1}.Debug|Any CPU.ActiveCfg = Debug|Any CPU
		{877BEF18-8A05-4673-A770-93E61E52A8A1}.Debug|Any CPU.Build.0 = Debug|Any CPU
		{877BEF18-8A05-4673-A770-93E61E52A8A1}.Release|Any CPU.ActiveCfg = Release|Any CPU
		{877BEF18-8A05-4673-A770-93E61E52A8A1}.Release|Any CPU.Build.0 = Release|Any CPU
		{3C1ADD17-BC92-488A-8088-533C0F4301CB}.Debug|Any CPU.ActiveCfg = Debug|Any CPU
		{3C1ADD17-BC92-488A-8088-533C0F4301CB}.Debug|Any CPU.Build.0 = Debug|Any CPU
		{3C1ADD17-BC92-488A-8088-533C0F4301CB}.Release|Any CPU.ActiveCfg = Release|Any CPU
		{3C1ADD17-BC92-488A-8088-533C0F4301CB}.Release|Any CPU.Build.0 = Release|Any CPU
	EndGlobalSection
	GlobalSection(SolutionProperties) = preSolution
		HideSolutionNode = FALSE
	EndGlobalSection
	GlobalSection(ExtensibilityGlobals) = postSolution
		SolutionGuid = {5A7E1A78-26D6-4EF1-B59B-09E80F7B8915}
	EndGlobalSection
EndGlobal
